
Microsoft Visual Studio Solution File, Format Version 12.00
# Visual Studio Version 17
VisualStudioVersion = 17.0.31903.59
MinimumVisualStudioVersion = 10.0.40219.1
Project("{2150E333-8FDC-42A3-9474-1A3956D46DE8}") = "src", "src", "{827E0CD3-B72D-47B6-A68D-7590B98EB39B}"
EndProject
Project("{2150E333-8FDC-42A3-9474-1A3956D46DE8}") = "backend", "backend", "{FE360695-3F2B-1049-3887-35FBB5135923}"
EndProject
Project("{FAE04EC0-301F-11D3-BF4B-00C04F79EFBC}") = "BizHub.API", "src\backend\BizHub.API\BizHub.API.csproj", "{0F7C5EB5-B359-4869-928E-8CA44B1E073E}"
EndProject
Project("{FAE04EC0-301F-11D3-BF4B-00C04F79EFBC}") = "BizHub.Infra", "src\backend\BizHub.Infra\BizHub.Infra.csproj", "{562BE387-456E-4DC1-94F3-A4D0B042D7E9}"
EndProject
Project("{FAE04EC0-301F-11D3-BF4B-00C04F79EFBC}") = "BizHub.Models", "src\backend\BizHub.Models\BizHub.Models.csproj", "{32F92C63-DBFA-41F6-A794-7F0D821FD716}"
EndProject
Project("{2150E333-8FDC-42A3-9474-1A3956D46DE8}") = "frontend", "frontend", "{42299874-777B-F2D0-9D08-D24097ABCE7E}"
EndProject
Project("{FAE04EC0-301F-11D3-BF4B-00C04F79EFBC}") = "BizHub.UI", "src\frontend\BizHub.UI\BizHub.UI.csproj", "{374AFEC8-A14B-48F0-A6A5-6E97F024E119}"
EndProject
Project("{FAE04EC0-301F-11D3-BF4B-00C04F79EFBC}") = "BizHub.ViewModels", "src\frontend\BizHub.ViewModels\BizHub.ViewModels.csproj", "{ADF56453-EBD8-4CDF-96B8-2D6FEAE3FBC4}"
EndProject
Project("{2150E333-8FDC-42A3-9474-1A3956D46DE8}") = "tests", "tests", "{CEA09484-30F6-4D44-02F6-822E06DBC57C}"
EndProject
Project("{FAE04EC0-301F-11D3-BF4B-00C04F79EFBC}") = "BizHub.API.Tests", "src\tests\BizHub.API.Tests\BizHub.API.Tests.csproj", "{19D6492D-6737-4B7E-9D25-8E50B1A79637}"
EndProject
Project("{FAE04EC0-301F-11D3-BF4B-00C04F79EFBC}") = "BizHub.UI.Tests", "src\tests\BizHub.UI.Tests\BizHub.UI.Tests.csproj", "{924616E0-7CD8-4D3D-B671-B1E339BFCA33}"
EndProject
Global
	GlobalSection(SolutionConfigurationPlatforms) = preSolution
		Debug|Any CPU = Debug|Any CPU
		Debug|x64 = Debug|x64
		Debug|x86 = Debug|x86
		Release|Any CPU = Release|Any CPU
		Release|x64 = Release|x64
		Release|x86 = Release|x86
	EndGlobalSection
	GlobalSection(ProjectConfigurationPlatforms) = postSolution
		{0F7C5EB5-B359-4869-928E-8CA44B1E073E}.Debug|Any CPU.ActiveCfg = Debug|Any CPU
		{0F7C5EB5-B359-4869-928E-8CA44B1E073E}.Debug|Any CPU.Build.0 = Debug|Any CPU
		{0F7C5EB5-B359-4869-928E-8CA44B1E073E}.Debug|x64.ActiveCfg = Debug|Any CPU
		{0F7C5EB5-B359-4869-928E-8CA44B1E073E}.Debug|x64.Build.0 = Debug|Any CPU
		{0F7C5EB5-B359-4869-928E-8CA44B1E073E}.Debug|x86.ActiveCfg = Debug|Any CPU
		{0F7C5EB5-B359-4869-928E-8CA44B1E073E}.Debug|x86.Build.0 = Debug|Any CPU
		{0F7C5EB5-B359-4869-928E-8CA44B1E073E}.Release|Any CPU.ActiveCfg = Release|Any CPU
		{0F7C5EB5-B359-4869-928E-8CA44B1E073E}.Release|Any CPU.Build.0 = Release|Any CPU
		{0F7C5EB5-B359-4869-928E-8CA44B1E073E}.Release|x64.ActiveCfg = Release|Any CPU
		{0F7C5EB5-B359-4869-928E-8CA44B1E073E}.Release|x64.Build.0 = Release|Any CPU
		{0F7C5EB5-B359-4869-928E-8CA44B1E073E}.Release|x86.ActiveCfg = Release|Any CPU
		{0F7C5EB5-B359-4869-928E-8CA44B1E073E}.Release|x86.Build.0 = Release|Any CPU
		{562BE387-456E-4DC1-94F3-A4D0B042D7E9}.Debug|Any CPU.ActiveCfg = Debug|Any CPU
		{562BE387-456E-4DC1-94F3-A4D0B042D7E9}.Debug|Any CPU.Build.0 = Debug|Any CPU
		{562BE387-456E-4DC1-94F3-A4D0B042D7E9}.Debug|x64.ActiveCfg = Debug|Any CPU
		{562BE387-456E-4DC1-94F3-A4D0B042D7E9}.Debug|x64.Build.0 = Debug|Any CPU
		{562BE387-456E-4DC1-94F3-A4D0B042D7E9}.Debug|x86.ActiveCfg = Debug|Any CPU
		{562BE387-456E-4DC1-94F3-A4D0B042D7E9}.Debug|x86.Build.0 = Debug|Any CPU
		{562BE387-456E-4DC1-94F3-A4D0B042D7E9}.Release|Any CPU.ActiveCfg = Release|Any CPU
		{562BE387-456E-4DC1-94F3-A4D0B042D7E9}.Release|Any CPU.Build.0 = Release|Any CPU
		{562BE387-456E-4DC1-94F3-A4D0B042D7E9}.Release|x64.ActiveCfg = Release|Any CPU
		{562BE387-456E-4DC1-94F3-A4D0B042D7E9}.Release|x64.Build.0 = Release|Any CPU
		{562BE387-456E-4DC1-94F3-A4D0B042D7E9}.Release|x86.ActiveCfg = Release|Any CPU
		{562BE387-456E-4DC1-94F3-A4D0B042D7E9}.Release|x86.Build.0 = Release|Any CPU
		{32F92C63-DBFA-41F6-A794-7F0D821FD716}.Debug|Any CPU.ActiveCfg = Debug|Any CPU
		{32F92C63-DBFA-41F6-A794-7F0D821FD716}.Debug|Any CPU.Build.0 = Debug|Any CPU
		{32F92C63-DBFA-41F6-A794-7F0D821FD716}.Debug|x64.ActiveCfg = Debug|Any CPU
		{32F92C63-DBFA-41F6-A794-7F0D821FD716}.Debug|x64.Build.0 = Debug|Any CPU
		{32F92C63-DBFA-41F6-A794-7F0D821FD716}.Debug|x86.ActiveCfg = Debug|Any CPU
		{32F92C63-DBFA-41F6-A794-7F0D821FD716}.Debug|x86.Build.0 = Debug|Any CPU
		{32F92C63-DBFA-41F6-A794-7F0D821FD716}.Release|Any CPU.ActiveCfg = Release|Any CPU
		{32F92C63-DBFA-41F6-A794-7F0D821FD716}.Release|Any CPU.Build.0 = Release|Any CPU
		{32F92C63-DBFA-41F6-A794-7F0D821FD716}.Release|x64.ActiveCfg = Release|Any CPU
		{32F92C63-DBFA-41F6-A794-7F0D821FD716}.Release|x64.Build.0 = Release|Any CPU
		{32F92C63-DBFA-41F6-A794-7F0D821FD716}.Release|x86.ActiveCfg = Release|Any CPU
		{32F92C63-DBFA-41F6-A794-7F0D821FD716}.Release|x86.Build.0 = Release|Any CPU
		{374AFEC8-A14B-48F0-A6A5-6E97F024E119}.Debug|Any CPU.ActiveCfg = Debug|Any CPU
		{374AFEC8-A14B-48F0-A6A5-6E97F024E119}.Debug|Any CPU.Build.0 = Debug|Any CPU
		{374AFEC8-A14B-48F0-A6A5-6E97F024E119}.Debug|x64.ActiveCfg = Debug|Any CPU
		{374AFEC8-A14B-48F0-A6A5-6E97F024E119}.Debug|x64.Build.0 = Debug|Any CPU
		{374AFEC8-A14B-48F0-A6A5-6E97F024E119}.Debug|x86.ActiveCfg = Debug|Any CPU
		{374AFEC8-A14B-48F0-A6A5-6E97F024E119}.Debug|x86.Build.0 = Debug|Any CPU
		{374AFEC8-A14B-48F0-A6A5-6E97F024E119}.Release|Any CPU.ActiveCfg = Release|Any CPU
		{374AFEC8-A14B-48F0-A6A5-6E97F024E119}.Release|Any CPU.Build.0 = Release|Any CPU
		{374AFEC8-A14B-48F0-A6A5-6E97F024E119}.Release|x64.ActiveCfg = Release|Any CPU
		{374AFEC8-A14B-48F0-A6A5-6E97F024E119}.Release|x64.Build.0 = Release|Any CPU
		{374AFEC8-A14B-48F0-A6A5-6E97F024E119}.Release|x86.ActiveCfg = Release|Any CPU
		{374AFEC8-A14B-48F0-A6A5-6E97F024E119}.Release|x86.Build.0 = Release|Any CPU
		{ADF56453-EBD8-4CDF-96B8-2D6FEAE3FBC4}.Debug|Any CPU.ActiveCfg = Debug|Any CPU
		{ADF56453-EBD8-4CDF-96B8-2D6FEAE3FBC4}.Debug|Any CPU.Build.0 = Debug|Any CPU
		{ADF56453-EBD8-4CDF-96B8-2D6FEAE3FBC4}.Debug|x64.ActiveCfg = Debug|Any CPU
		{ADF56453-EBD8-4CDF-96B8-2D6FEAE3FBC4}.Debug|x64.Build.0 = Debug|Any CPU
		{ADF56453-EBD8-4CDF-96B8-2D6FEAE3FBC4}.Debug|x86.ActiveCfg = Debug|Any CPU
		{ADF56453-EBD8-4CDF-96B8-2D6FEAE3FBC4}.Debug|x86.Build.0 = Debug|Any CPU
		{ADF56453-EBD8-4CDF-96B8-2D6FEAE3FBC4}.Release|Any CPU.ActiveCfg = Release|Any CPU
		{ADF56453-EBD8-4CDF-96B8-2D6FEAE3FBC4}.Release|Any CPU.Build.0 = Release|Any CPU
		{ADF56453-EBD8-4CDF-96B8-2D6FEAE3FBC4}.Release|x64.ActiveCfg = Release|Any CPU
		{ADF56453-EBD8-4CDF-96B8-2D6FEAE3FBC4}.Release|x64.Build.0 = Release|Any CPU
		{ADF56453-EBD8-4CDF-96B8-2D6FEAE3FBC4}.Release|x86.ActiveCfg = Release|Any CPU
		{ADF56453-EBD8-4CDF-96B8-2D6FEAE3FBC4}.Release|x86.Build.0 = Release|Any CPU
		{19D6492D-6737-4B7E-9D25-8E50B1A79637}.Debug|Any CPU.ActiveCfg = Debug|Any CPU
		{19D6492D-6737-4B7E-9D25-8E50B1A79637}.Debug|Any CPU.Build.0 = Debug|Any CPU
		{19D6492D-6737-4B7E-9D25-8E50B1A79637}.Debug|x64.ActiveCfg = Debug|Any CPU
		{19D6492D-6737-4B7E-9D25-8E50B1A79637}.Debug|x64.Build.0 = Debug|Any CPU
		{19D6492D-6737-4B7E-9D25-8E50B1A79637}.Debug|x86.ActiveCfg = Debug|Any CPU
		{19D6492D-6737-4B7E-9D25-8E50B1A79637}.Debug|x86.Build.0 = Debug|Any CPU
		{19D6492D-6737-4B7E-9D25-8E50B1A79637}.Release|Any CPU.ActiveCfg = Release|Any CPU
		{19D6492D-6737-4B7E-9D25-8E50B1A79637}.Release|Any CPU.Build.0 = Release|Any CPU
		{19D6492D-6737-4B7E-9D25-8E50B1A79637}.Release|x64.ActiveCfg = Release|Any CPU
		{19D6492D-6737-4B7E-9D25-8E50B1A79637}.Release|x64.Build.0 = Release|Any CPU
		{19D6492D-6737-4B7E-9D25-8E50B1A79637}.Release|x86.ActiveCfg = Release|Any CPU
		{19D6492D-6737-4B7E-9D25-8E50B1A79637}.Release|x86.Build.0 = Release|Any CPU
		{924616E0-7CD8-4D3D-B671-B1E339BFCA33}.Debug|Any CPU.ActiveCfg = Debug|Any CPU
		{924616E0-7CD8-4D3D-B671-B1E339BFCA33}.Debug|Any CPU.Build.0 = Debug|Any CPU
		{924616E0-7CD8-4D3D-B671-B1E339BFCA33}.Debug|x64.ActiveCfg = Debug|Any CPU
		{924616E0-7CD8-4D3D-B671-B1E339BFCA33}.Debug|x64.Build.0 = Debug|Any CPU
		{924616E0-7CD8-4D3D-B671-B1E339BFCA33}.Debug|x86.ActiveCfg = Debug|Any CPU
		{924616E0-7CD8-4D3D-B671-B1E339BFCA33}.Debug|x86.Build.0 = Debug|Any CPU
		{924616E0-7CD8-4D3D-B671-B1E339BFCA33}.Release|Any CPU.ActiveCfg = Release|Any CPU
		{924616E0-7CD8-4D3D-B671-B1E339BFCA33}.Release|Any CPU.Build.0 = Release|Any CPU
		{924616E0-7CD8-4D3D-B671-B1E339BFCA33}.Release|x64.ActiveCfg = Release|Any CPU
		{924616E0-7CD8-4D3D-B671-B1E339BFCA33}.Release|x64.Build.0 = Release|Any CPU
		{924616E0-7CD8-4D3D-B671-B1E339BFCA33}.Release|x86.ActiveCfg = Release|Any CPU
		{924616E0-7CD8-4D3D-B671-B1E339BFCA33}.Release|x86.Build.0 = Release|Any CPU
	EndGlobalSection
	GlobalSection(SolutionProperties) = preSolution
		HideSolutionNode = FALSE
	EndGlobalSection
	GlobalSection(NestedProjects) = preSolution
		{FE360695-3F2B-1049-3887-35FBB5135923} = {827E0CD3-B72D-47B6-A68D-7590B98EB39B}
		{0F7C5EB5-B359-4869-928E-8CA44B1E073E} = {FE360695-3F2B-1049-3887-35FBB5135923}
		{562BE387-456E-4DC1-94F3-A4D0B042D7E9} = {FE360695-3F2B-1049-3887-35FBB5135923}
		{32F92C63-DBFA-41F6-A794-7F0D821FD716} = {FE360695-3F2B-1049-3887-35FBB5135923}
		{42299874-777B-F2D0-9D08-D24097ABCE7E} = {827E0CD3-B72D-47B6-A68D-7590B98EB39B}
		{374AFEC8-A14B-48F0-A6A5-6E97F024E119} = {42299874-777B-F2D0-9D08-D24097ABCE7E}
		{ADF56453-EBD8-4CDF-96B8-2D6FEAE3FBC4} = {42299874-777B-F2D0-9D08-D24097ABCE7E}
		{CEA09484-30F6-4D44-02F6-822E06DBC57C} = {827E0CD3-B72D-47B6-A68D-7590B98EB39B}
		{19D6492D-6737-4B7E-9D25-8E50B1A79637} = {CEA09484-30F6-4D44-02F6-822E06DBC57C}
		{924616E0-7CD8-4D3D-B671-B1E339BFCA33} = {CEA09484-30F6-4D44-02F6-822E06DBC57C}
	EndGlobalSection
EndGlobal
